{
    "_readme": [
        "This file locks the dependencies of your project to a known state",
        "Read more about it at https://getcomposer.org/doc/01-basic-usage.md#composer-lock-the-lock-file",
        "This file is @generated automatically"
    ],
    "hash": "50991965d2816fe3a77e314536e4ad01",
    "content-hash": "6da87a49447f295bd9df07ee9490f426",
    "packages": [
        {
            "name": "marketpay/sdk-php",
            "version": "v2.0.5",
            "source": {
                "type": "git",
                "url": "https://github.com/marketpay/sdk-php.git",
                "reference": "77ba132848b8390258a09ea1ac4a10b4efb9fcb3"
            },
            "dist": {
                "type": "zip",
                "url": "https://api.github.com/repos/marketpay/sdk-php/zipball/77ba132848b8390258a09ea1ac4a10b4efb9fcb3",
                "reference": "77ba132848b8390258a09ea1ac4a10b4efb9fcb3",
                "shasum": ""
            },
            "require": {
                "ext-curl": "*",
                "ext-json": "*",
                "ext-mbstring": "*",
                "php": ">=5.4"
            },
            "type": "library",
            "autoload": {
                "psr-4": {
                    "Swagger\\Client\\": "lib/"
                }
            },
            "notification-url": "https://packagist.org/downloads/",
            "license": [
                "MIT"
            ],
            "description": "SDK PHP for MarketPay api V2",
            "time": "2017-06-19 08:54:28"
        }
    ],
    "packages-dev": [],
    "aliases": [],
    "minimum-stability": "dev",
    "stability-flags": [],
    "prefer-stable": false,
    "prefer-lowest": false,
    "platform": {
        "php": ">=5.6"
    },
    "platform-dev": []
}
